
Microsoft Visual Studio Solution File, Format Version 12.00
# Visual Studio Version 17
VisualStudioVersion = 17.11.35303.130
MinimumVisualStudioVersion = 10.0.40219.1
Project("{FAE04EC0-301F-11D3-BF4B-00C04F79EFBC}") = "Lab11245", "Lab11245\Lab11245.csproj", "{BAF89E75-5B92-44C4-A370-C4C26CD91050}"
EndProject
Global
	GlobalSection(SolutionConfigurationPlatforms) = preSolution
		Debug|Any CPU = Debug|Any CPU
		Release|Any CPU = Release|Any CPU
	EndGlobalSection
	GlobalSection(ProjectConfigurationPlatforms) = postSolution
		{BAF89E75-5B92-44C4-A370-C4C26CD91050}.Debug|Any CPU.ActiveCfg = Debug|Any CPU
		{BAF89E75-5B92-44C4-A370-C4C26CD91050}.Debug|Any CPU.Build.0 = Debug|Any CPU
		{BAF89E75-5B92-44C4-A370-C4C26CD91050}.Release|Any CPU.ActiveCfg = Release|Any CPU
		{BAF89E75-5B92-44C4-A370-C4C26CD91050}.Release|Any CPU.Build.0 = Release|Any CPU
	EndGlobalSection
	GlobalSection(SolutionProperties) = preSolution
		HideSolutionNode = FALSE
	EndGlobalSection
	GlobalSection(ExtensibilityGlobals) = postSolution
		SolutionGuid = {9926FD43-FA44-410E-82E4-0BC37D11E4ED}
	EndGlobalSection
EndGlobal
